
Microsoft Visual Studio Solution File, Format Version 12.00
# Visual Studio Version 16
VisualStudioVersion = 16.0.29728.190
MinimumVisualStudioVersion = 10.0.40219.1
Project("{FAE04EC0-301F-11D3-BF4B-00C04F79EFBC}") = "InfoAboutCountryApp", "InfoAboutCountryApp\InfoAboutCountryApp.csproj", "{5CE3C90D-35DF-4C77-9966-A10EF1040EA6}"
EndProject
Project("{FAE04EC0-301F-11D3-BF4B-00C04F79EFBC}") = "ClassLibrary", "ClassLibrary\ClassLibrary.csproj", "{18F74CA7-7F7E-4B67-83BC-ACE30D9F000F}"
EndProject
Global
	GlobalSection(SolutionConfigurationPlatforms) = preSolution
		Debug|Any CPU = Debug|Any CPU
		Release|Any CPU = Release|Any CPU
	EndGlobalSection
	GlobalSection(ProjectConfigurationPlatforms) = postSolution
		{5CE3C90D-35DF-4C77-9966-A10EF1040EA6}.Debug|Any CPU.ActiveCfg = Debug|Any CPU
		{5CE3C90D-35DF-4C77-9966-A10EF1040EA6}.Debug|Any CPU.Build.0 = Debug|Any CPU
		{5CE3C90D-35DF-4C77-9966-A10EF1040EA6}.Release|Any CPU.ActiveCfg = Release|Any CPU
		{5CE3C90D-35DF-4C77-9966-A10EF1040EA6}.Release|Any CPU.Build.0 = Release|Any CPU
		{18F74CA7-7F7E-4B67-83BC-ACE30D9F000F}.Debug|Any CPU.ActiveCfg = Debug|Any CPU
		{18F74CA7-7F7E-4B67-83BC-ACE30D9F000F}.Debug|Any CPU.Build.0 = Debug|Any CPU
		{18F74CA7-7F7E-4B67-83BC-ACE30D9F000F}.Release|Any CPU.ActiveCfg = Release|Any CPU
		{18F74CA7-7F7E-4B67-83BC-ACE30D9F000F}.Release|Any CPU.Build.0 = Release|Any CPU
	EndGlobalSection
	GlobalSection(SolutionProperties) = preSolution
		HideSolutionNode = FALSE
	EndGlobalSection
	GlobalSection(ExtensibilityGlobals) = postSolution
		SolutionGuid = {093183A9-704F-454D-87E2-73BCD141C85B}
	EndGlobalSection
EndGlobal
